// !$*UTF8*$!
{
	archiveVersion = 1;
	classes = {
	};
	objectVersion = 55;
	objects = {

/* Begin PBXBuildFile section */
		4C035A0027AEF90000FF92CE /* PayView.swift in Sources */ = {isa = PBXBuildFile; fileRef = 4C0359FF27AEF90000FF92CE /* PayView.swift */; };
		4C035A0427AEFD2F00FF92CE /* Invoice.swift in Sources */ = {isa = PBXBuildFile; fileRef = 4C035A0327AEFD2F00FF92CE /* Invoice.swift */; };
		4C3DC97127D4829A00773021 /* SettingsView.swift in Sources */ = {isa = PBXBuildFile; fileRef = 4C3DC97027D4829A00773021 /* SettingsView.swift */; };
		4C4D7A5627DD84BA005A4F7F /* LNUrl.swift in Sources */ = {isa = PBXBuildFile; fileRef = 4C4D7A5527DD84BA005A4F7F /* LNUrl.swift */; };
		4C641D192788FF2F002A36C9 /* lightninglinkApp.swift in Sources */ = {isa = PBXBuildFile; fileRef = 4C641D182788FF2F002A36C9 /* lightninglinkApp.swift */; };
		4C641D1B2788FF2F002A36C9 /* ContentView.swift in Sources */ = {isa = PBXBuildFile; fileRef = 4C641D1A2788FF2F002A36C9 /* ContentView.swift */; };
		4C641D1D2788FF30002A36C9 /* Assets.xcassets in Resources */ = {isa = PBXBuildFile; fileRef = 4C641D1C2788FF30002A36C9 /* Assets.xcassets */; };
		4C641D202788FF30002A36C9 /* Preview Assets.xcassets in Resources */ = {isa = PBXBuildFile; fileRef = 4C641D1F2788FF30002A36C9 /* Preview Assets.xcassets */; };
		4C641D2A2788FF30002A36C9 /* lightninglinkTests.swift in Sources */ = {isa = PBXBuildFile; fileRef = 4C641D292788FF30002A36C9 /* lightninglinkTests.swift */; };
		4C641D342788FF31002A36C9 /* lightninglinkUITests.swift in Sources */ = {isa = PBXBuildFile; fileRef = 4C641D332788FF31002A36C9 /* lightninglinkUITests.swift */; };
		4C641D362788FF31002A36C9 /* lightninglinkUITestsLaunchTests.swift in Sources */ = {isa = PBXBuildFile; fileRef = 4C641D352788FF31002A36C9 /* lightninglinkUITestsLaunchTests.swift */; };
		4C641D492789083E002A36C9 /* lightninglink.c in Sources */ = {isa = PBXBuildFile; fileRef = 4C641D482789083E002A36C9 /* lightninglink.c */; };
		4C72DB2527DD9D9B00834545 /* QR.swift in Sources */ = {isa = PBXBuildFile; fileRef = 4C72DB2427DD9D9B00834545 /* QR.swift */; };
		4C873FCF27A62DC1008C972C /* lnsocket.a in Frameworks */ = {isa = PBXBuildFile; fileRef = 4C873FCE27A62DC1008C972C /* lnsocket.a */; };
		4C873FD127A62DE7008C972C /* libsodium.a in Frameworks */ = {isa = PBXBuildFile; fileRef = 4C873FD027A62DE7008C972C /* libsodium.a */; };
		4C873FD327A62DF5008C972C /* libsecp256k1.a in Frameworks */ = {isa = PBXBuildFile; fileRef = 4C873FD227A62DF5008C972C /* libsecp256k1.a */; };
		4C873FD527A6EF3F008C972C /* LNSocket.swift in Sources */ = {isa = PBXBuildFile; fileRef = 4C873FD427A6EF3F008C972C /* LNSocket.swift */; };
		4C873FD727A6F1F5008C972C /* RPC.swift in Sources */ = {isa = PBXBuildFile; fileRef = 4C873FD627A6F1F5008C972C /* RPC.swift */; };
		4C8B289327B44EAF00DF3372 /* LNLink.swift in Sources */ = {isa = PBXBuildFile; fileRef = 4C8B289227B44EAF00DF3372 /* LNLink.swift */; };
		4CCB0E2627C979F30026461C /* CodeScanner.swift in Sources */ = {isa = PBXBuildFile; fileRef = 4CCB0E2227C979F30026461C /* CodeScanner.swift */; };
		4CCB0E2727C979F30026461C /* ScannerCoordinator.swift in Sources */ = {isa = PBXBuildFile; fileRef = 4CCB0E2327C979F30026461C /* ScannerCoordinator.swift */; };
		4CCB0E2827C979F30026461C /* ScannerViewController.swift in Sources */ = {isa = PBXBuildFile; fileRef = 4CCB0E2427C979F30026461C /* ScannerViewController.swift */; };
		4CCB0E2B27CA71CA0026461C /* SetupView.swift in Sources */ = {isa = PBXBuildFile; fileRef = 4CCB0E2A27CA71CA0026461C /* SetupView.swift */; };
/* End PBXBuildFile section */

/* Begin PBXContainerItemProxy section */
		4C641D262788FF30002A36C9 /* PBXContainerItemProxy */ = {
			isa = PBXContainerItemProxy;
			containerPortal = 4C641D0D2788FF2F002A36C9 /* Project object */;
			proxyType = 1;
			remoteGlobalIDString = 4C641D142788FF2F002A36C9;
			remoteInfo = lightninglink;
		};
		4C641D302788FF31002A36C9 /* PBXContainerItemProxy */ = {
			isa = PBXContainerItemProxy;
			containerPortal = 4C641D0D2788FF2F002A36C9 /* Project object */;
			proxyType = 1;
			remoteGlobalIDString = 4C641D142788FF2F002A36C9;
			remoteInfo = lightninglink;
		};
/* End PBXContainerItemProxy section */

/* Begin PBXFileReference section */
		4C0359FE27AEEE8500FF92CE /* Info.plist */ = {isa = PBXFileReference; lastKnownFileType = text.plist; path = Info.plist; sourceTree = "<group>"; };
		4C0359FF27AEF90000FF92CE /* PayView.swift */ = {isa = PBXFileReference; lastKnownFileType = sourcecode.swift; path = PayView.swift; sourceTree = "<group>"; };
		4C035A0327AEFD2F00FF92CE /* Invoice.swift */ = {isa = PBXFileReference; lastKnownFileType = sourcecode.swift; path = Invoice.swift; sourceTree = "<group>"; };
		4C3DC97027D4829A00773021 /* SettingsView.swift */ = {isa = PBXFileReference; lastKnownFileType = sourcecode.swift; path = SettingsView.swift; sourceTree = "<group>"; };
		4C4D7A5527DD84BA005A4F7F /* LNUrl.swift */ = {isa = PBXFileReference; lastKnownFileType = sourcecode.swift; path = LNUrl.swift; sourceTree = "<group>"; };
		4C641D152788FF2F002A36C9 /* lightninglink.app */ = {isa = PBXFileReference; explicitFileType = wrapper.application; includeInIndex = 0; path = lightninglink.app; sourceTree = BUILT_PRODUCTS_DIR; };
		4C641D182788FF2F002A36C9 /* lightninglinkApp.swift */ = {isa = PBXFileReference; lastKnownFileType = sourcecode.swift; path = lightninglinkApp.swift; sourceTree = "<group>"; };
		4C641D1A2788FF2F002A36C9 /* ContentView.swift */ = {isa = PBXFileReference; lastKnownFileType = sourcecode.swift; path = ContentView.swift; sourceTree = "<group>"; };
		4C641D1C2788FF30002A36C9 /* Assets.xcassets */ = {isa = PBXFileReference; lastKnownFileType = folder.assetcatalog; path = Assets.xcassets; sourceTree = "<group>"; };
		4C641D1F2788FF30002A36C9 /* Preview Assets.xcassets */ = {isa = PBXFileReference; lastKnownFileType = folder.assetcatalog; path = "Preview Assets.xcassets"; sourceTree = "<group>"; };
		4C641D252788FF30002A36C9 /* lightninglinkTests.xctest */ = {isa = PBXFileReference; explicitFileType = wrapper.cfbundle; includeInIndex = 0; path = lightninglinkTests.xctest; sourceTree = BUILT_PRODUCTS_DIR; };
		4C641D292788FF30002A36C9 /* lightninglinkTests.swift */ = {isa = PBXFileReference; lastKnownFileType = sourcecode.swift; path = lightninglinkTests.swift; sourceTree = "<group>"; };
		4C641D2F2788FF31002A36C9 /* lightninglinkUITests.xctest */ = {isa = PBXFileReference; explicitFileType = wrapper.cfbundle; includeInIndex = 0; path = lightninglinkUITests.xctest; sourceTree = BUILT_PRODUCTS_DIR; };
		4C641D332788FF31002A36C9 /* lightninglinkUITests.swift */ = {isa = PBXFileReference; lastKnownFileType = sourcecode.swift; path = lightninglinkUITests.swift; sourceTree = "<group>"; };
		4C641D352788FF31002A36C9 /* lightninglinkUITestsLaunchTests.swift */ = {isa = PBXFileReference; lastKnownFileType = sourcecode.swift; path = lightninglinkUITestsLaunchTests.swift; sourceTree = "<group>"; };
		4C641D462789083E002A36C9 /* lightninglink-Bridging-Header.h */ = {isa = PBXFileReference; lastKnownFileType = sourcecode.c.h; path = "lightninglink-Bridging-Header.h"; sourceTree = "<group>"; };
		4C641D472789083E002A36C9 /* lightninglink.h */ = {isa = PBXFileReference; lastKnownFileType = sourcecode.c.h; path = lightninglink.h; sourceTree = "<group>"; };
		4C641D482789083E002A36C9 /* lightninglink.c */ = {isa = PBXFileReference; lastKnownFileType = sourcecode.c.c; path = lightninglink.c; sourceTree = "<group>"; };
		4C641D4A279CFA32002A36C9 /* lnsocket */ = {isa = PBXFileReference; lastKnownFileType = folder; path = lnsocket; sourceTree = "<group>"; };
		4C72DB2427DD9D9B00834545 /* QR.swift */ = {isa = PBXFileReference; lastKnownFileType = sourcecode.swift; path = QR.swift; sourceTree = "<group>"; };
		4C873FCC27A62DA8008C972C /* ios */ = {isa = PBXFileReference; lastKnownFileType = folder; name = ios; path = lnsocket/target/ios; sourceTree = "<group>"; };
		4C873FCE27A62DC1008C972C /* lnsocket.a */ = {isa = PBXFileReference; lastKnownFileType = archive.ar; name = lnsocket.a; path = lnsocket/target/ios/lnsocket.a; sourceTree = "<group>"; };
		4C873FD027A62DE7008C972C /* libsodium.a */ = {isa = PBXFileReference; lastKnownFileType = archive.ar; name = libsodium.a; path = lnsocket/target/ios/libsodium.a; sourceTree = "<group>"; };
		4C873FD227A62DF5008C972C /* libsecp256k1.a */ = {isa = PBXFileReference; lastKnownFileType = archive.ar; name = libsecp256k1.a; path = lnsocket/target/ios/libsecp256k1.a; sourceTree = "<group>"; };
		4C873FD427A6EF3F008C972C /* LNSocket.swift */ = {isa = PBXFileReference; fileEncoding = 4; lastKnownFileType = sourcecode.swift; path = LNSocket.swift; sourceTree = "<group>"; };
		4C873FD627A6F1F5008C972C /* RPC.swift */ = {isa = PBXFileReference; lastKnownFileType = sourcecode.swift; path = RPC.swift; sourceTree = "<group>"; };
		4C8B289227B44EAF00DF3372 /* LNLink.swift */ = {isa = PBXFileReference; lastKnownFileType = sourcecode.swift; path = LNLink.swift; sourceTree = "<group>"; };
		4CCB0E2227C979F30026461C /* CodeScanner.swift */ = {isa = PBXFileReference; fileEncoding = 4; lastKnownFileType = sourcecode.swift; path = CodeScanner.swift; sourceTree = "<group>"; };
		4CCB0E2327C979F30026461C /* ScannerCoordinator.swift */ = {isa = PBXFileReference; fileEncoding = 4; lastKnownFileType = sourcecode.swift; path = ScannerCoordinator.swift; sourceTree = "<group>"; };
		4CCB0E2427C979F30026461C /* ScannerViewController.swift */ = {isa = PBXFileReference; fileEncoding = 4; lastKnownFileType = sourcecode.swift; path = ScannerViewController.swift; sourceTree = "<group>"; };
		4CCB0E2A27CA71CA0026461C /* SetupView.swift */ = {isa = PBXFileReference; lastKnownFileType = sourcecode.swift; path = SetupView.swift; sourceTree = "<group>"; };
/* End PBXFileReference section */

/* Begin PBXFrameworksBuildPhase section */
		4C641D122788FF2F002A36C9 /* Frameworks */ = {
			isa = PBXFrameworksBuildPhase;
			buildActionMask = 2147483647;
			files = (
				4C873FD327A62DF5008C972C /* libsecp256k1.a in Frameworks */,
				4C873FD127A62DE7008C972C /* libsodium.a in Frameworks */,
				4C873FCF27A62DC1008C972C /* lnsocket.a in Frameworks */,
			);
			runOnlyForDeploymentPostprocessing = 0;
		};
		4C641D222788FF30002A36C9 /* Frameworks */ = {
			isa = PBXFrameworksBuildPhase;
			buildActionMask = 2147483647;
			files = (
			);
			runOnlyForDeploymentPostprocessing = 0;
		};
		4C641D2C2788FF31002A36C9 /* Frameworks */ = {
			isa = PBXFrameworksBuildPhase;
			buildActionMask = 2147483647;
			files = (
			);
			runOnlyForDeploymentPostprocessing = 0;
		};
/* End PBXFrameworksBuildPhase section */

/* Begin PBXGroup section */
		4C641D0C2788FF2F002A36C9 = {
			isa = PBXGroup;
			children = (
				4C641D4A279CFA32002A36C9 /* lnsocket */,
				4C641D4227890715002A36C9 /* lightninglink-c */,
				4C641D172788FF2F002A36C9 /* lightninglink */,
				4C641D282788FF30002A36C9 /* lightninglinkTests */,
				4C641D322788FF31002A36C9 /* lightninglinkUITests */,
				4C641D162788FF2F002A36C9 /* Products */,
				4C873FCB27A62DA8008C972C /* Frameworks */,
			);
			sourceTree = "<group>";
		};
		4C641D162788FF2F002A36C9 /* Products */ = {
			isa = PBXGroup;
			children = (
				4C641D152788FF2F002A36C9 /* lightninglink.app */,
				4C641D252788FF30002A36C9 /* lightninglinkTests.xctest */,
				4C641D2F2788FF31002A36C9 /* lightninglinkUITests.xctest */,
			);
			name = Products;
			sourceTree = "<group>";
		};
		4C641D172788FF2F002A36C9 /* lightninglink */ = {
			isa = PBXGroup;
			children = (
				4CCB0E2927CA71AA0026461C /* Views */,
				4CCB0E1F27C979F30026461C /* CodeScanner */,
				4C0359FE27AEEE8500FF92CE /* Info.plist */,
				4C873FD427A6EF3F008C972C /* LNSocket.swift */,
				4C641D182788FF2F002A36C9 /* lightninglinkApp.swift */,
				4C641D1C2788FF30002A36C9 /* Assets.xcassets */,
				4C641D1E2788FF30002A36C9 /* Preview Content */,
				4C873FD627A6F1F5008C972C /* RPC.swift */,
				4C035A0327AEFD2F00FF92CE /* Invoice.swift */,
				4C8B289227B44EAF00DF3372 /* LNLink.swift */,
				4C4D7A5527DD84BA005A4F7F /* LNUrl.swift */,
				4C72DB2427DD9D9B00834545 /* QR.swift */,
			);
			path = lightninglink;
			sourceTree = "<group>";
		};
		4C641D1E2788FF30002A36C9 /* Preview Content */ = {
			isa = PBXGroup;
			children = (
				4C641D1F2788FF30002A36C9 /* Preview Assets.xcassets */,
			);
			path = "Preview Content";
			sourceTree = "<group>";
		};
		4C641D282788FF30002A36C9 /* lightninglinkTests */ = {
			isa = PBXGroup;
			children = (
				4C641D292788FF30002A36C9 /* lightninglinkTests.swift */,
			);
			path = lightninglinkTests;
			sourceTree = "<group>";
		};
		4C641D322788FF31002A36C9 /* lightninglinkUITests */ = {
			isa = PBXGroup;
			children = (
				4C641D332788FF31002A36C9 /* lightninglinkUITests.swift */,
				4C641D352788FF31002A36C9 /* lightninglinkUITestsLaunchTests.swift */,
			);
			path = lightninglinkUITests;
			sourceTree = "<group>";
		};
		4C641D4227890715002A36C9 /* lightninglink-c */ = {
			isa = PBXGroup;
			children = (
				4C641D472789083E002A36C9 /* lightninglink.h */,
				4C641D482789083E002A36C9 /* lightninglink.c */,
				4C641D462789083E002A36C9 /* lightninglink-Bridging-Header.h */,
			);
			path = "lightninglink-c";
			sourceTree = "<group>";
		};
		4C873FCB27A62DA8008C972C /* Frameworks */ = {
			isa = PBXGroup;
			children = (
				4C873FD227A62DF5008C972C /* libsecp256k1.a */,
				4C873FD027A62DE7008C972C /* libsodium.a */,
				4C873FCE27A62DC1008C972C /* lnsocket.a */,
				4C873FCC27A62DA8008C972C /* ios */,
			);
			name = Frameworks;
			sourceTree = "<group>";
		};
		4CCB0E1F27C979F30026461C /* CodeScanner */ = {
			isa = PBXGroup;
			children = (
				4CCB0E2227C979F30026461C /* CodeScanner.swift */,
				4CCB0E2327C979F30026461C /* ScannerCoordinator.swift */,
				4CCB0E2427C979F30026461C /* ScannerViewController.swift */,
			);
			path = CodeScanner;
			sourceTree = "<group>";
		};
		4CCB0E2927CA71AA0026461C /* Views */ = {
			isa = PBXGroup;
			children = (
				4C0359FF27AEF90000FF92CE /* PayView.swift */,
				4C641D1A2788FF2F002A36C9 /* ContentView.swift */,
				4CCB0E2A27CA71CA0026461C /* SetupView.swift */,
				4C3DC97027D4829A00773021 /* SettingsView.swift */,
			);
			path = Views;
			sourceTree = "<group>";
		};
/* End PBXGroup section */

/* Begin PBXNativeTarget section */
		4C641D142788FF2F002A36C9 /* lightninglink */ = {
			isa = PBXNativeTarget;
			buildConfigurationList = 4C641D392788FF31002A36C9 /* Build configuration list for PBXNativeTarget "lightninglink" */;
			buildPhases = (
				4C641D112788FF2F002A36C9 /* Sources */,
				4C641D122788FF2F002A36C9 /* Frameworks */,
				4C641D132788FF2F002A36C9 /* Resources */,
			);
			buildRules = (
			);
			dependencies = (
			);
			name = lightninglink;
			productName = lightninglink;
			productReference = 4C641D152788FF2F002A36C9 /* lightninglink.app */;
			productType = "com.apple.product-type.application";
		};
		4C641D242788FF30002A36C9 /* lightninglinkTests */ = {
			isa = PBXNativeTarget;
			buildConfigurationList = 4C641D3C2788FF31002A36C9 /* Build configuration list for PBXNativeTarget "lightninglinkTests" */;
			buildPhases = (
				4C641D212788FF30002A36C9 /* Sources */,
				4C641D222788FF30002A36C9 /* Frameworks */,
				4C641D232788FF30002A36C9 /* Resources */,
			);
			buildRules = (
			);
			dependencies = (
				4C641D272788FF30002A36C9 /* PBXTargetDependency */,
			);
			name = lightninglinkTests;
			productName = lightninglinkTests;
			productReference = 4C641D252788FF30002A36C9 /* lightninglinkTests.xctest */;
			productType = "com.apple.product-type.bundle.unit-test";
		};
		4C641D2E2788FF31002A36C9 /* lightninglinkUITests */ = {
			isa = PBXNativeTarget;
			buildConfigurationList = 4C641D3F2788FF31002A36C9 /* Build configuration list for PBXNativeTarget "lightninglinkUITests" */;
			buildPhases = (
				4C641D2B2788FF31002A36C9 /* Sources */,
				4C641D2C2788FF31002A36C9 /* Frameworks */,
				4C641D2D2788FF31002A36C9 /* Resources */,
			);
			buildRules = (
			);
			dependencies = (
				4C641D312788FF31002A36C9 /* PBXTargetDependency */,
			);
			name = lightninglinkUITests;
			productName = lightninglinkUITests;
			productReference = 4C641D2F2788FF31002A36C9 /* lightninglinkUITests.xctest */;
			productType = "com.apple.product-type.bundle.ui-testing";
		};
/* End PBXNativeTarget section */

/* Begin PBXProject section */
		4C641D0D2788FF2F002A36C9 /* Project object */ = {
			isa = PBXProject;
			attributes = {
				BuildIndependentTargetsInParallel = 1;
				LastSwiftUpdateCheck = 1310;
				LastUpgradeCheck = 1310;
				TargetAttributes = {
					4C641D142788FF2F002A36C9 = {
						CreatedOnToolsVersion = 13.1;
						LastSwiftMigration = 1310;
					};
					4C641D242788FF30002A36C9 = {
						CreatedOnToolsVersion = 13.1;
						TestTargetID = 4C641D142788FF2F002A36C9;
					};
					4C641D2E2788FF31002A36C9 = {
						CreatedOnToolsVersion = 13.1;
						TestTargetID = 4C641D142788FF2F002A36C9;
					};
				};
			};
			buildConfigurationList = 4C641D102788FF2F002A36C9 /* Build configuration list for PBXProject "lightninglink" */;
			compatibilityVersion = "Xcode 13.0";
			developmentRegion = en;
			hasScannedForEncodings = 0;
			knownRegions = (
				en,
				Base,
			);
			mainGroup = 4C641D0C2788FF2F002A36C9;
			productRefGroup = 4C641D162788FF2F002A36C9 /* Products */;
			projectDirPath = "";
			projectRoot = "";
			targets = (
				4C641D142788FF2F002A36C9 /* lightninglink */,
				4C641D242788FF30002A36C9 /* lightninglinkTests */,
				4C641D2E2788FF31002A36C9 /* lightninglinkUITests */,
			);
		};
/* End PBXProject section */

/* Begin PBXResourcesBuildPhase section */
		4C641D132788FF2F002A36C9 /* Resources */ = {
			isa = PBXResourcesBuildPhase;
			buildActionMask = 2147483647;
			files = (
				4C641D202788FF30002A36C9 /* Preview Assets.xcassets in Resources */,
				4C641D1D2788FF30002A36C9 /* Assets.xcassets in Resources */,
			);
			runOnlyForDeploymentPostprocessing = 0;
		};
		4C641D232788FF30002A36C9 /* Resources */ = {
			isa = PBXResourcesBuildPhase;
			buildActionMask = 2147483647;
			files = (
			);
			runOnlyForDeploymentPostprocessing = 0;
		};
		4C641D2D2788FF31002A36C9 /* Resources */ = {
			isa = PBXResourcesBuildPhase;
			buildActionMask = 2147483647;
			files = (
			);
			runOnlyForDeploymentPostprocessing = 0;
		};
/* End PBXResourcesBuildPhase section */

/* Begin PBXSourcesBuildPhase section */
		4C641D112788FF2F002A36C9 /* Sources */ = {
			isa = PBXSourcesBuildPhase;
			buildActionMask = 2147483647;
			files = (
				4C035A0027AEF90000FF92CE /* PayView.swift in Sources */,
				4C873FD527A6EF3F008C972C /* LNSocket.swift in Sources */,
				4C641D1B2788FF2F002A36C9 /* ContentView.swift in Sources */,
				4C8B289327B44EAF00DF3372 /* LNLink.swift in Sources */,
				4CCB0E2727C979F30026461C /* ScannerCoordinator.swift in Sources */,
				4C641D492789083E002A36C9 /* lightninglink.c in Sources */,
				4CCB0E2627C979F30026461C /* CodeScanner.swift in Sources */,
				4CCB0E2827C979F30026461C /* ScannerViewController.swift in Sources */,
				4C72DB2527DD9D9B00834545 /* QR.swift in Sources */,
				4C035A0427AEFD2F00FF92CE /* Invoice.swift in Sources */,
				4C641D192788FF2F002A36C9 /* lightninglinkApp.swift in Sources */,
				4CCB0E2B27CA71CA0026461C /* SetupView.swift in Sources */,
				4C873FD727A6F1F5008C972C /* RPC.swift in Sources */,
				4C3DC97127D4829A00773021 /* SettingsView.swift in Sources */,
				4C4D7A5627DD84BA005A4F7F /* LNUrl.swift in Sources */,
			);
			runOnlyForDeploymentPostprocessing = 0;
		};
		4C641D212788FF30002A36C9 /* Sources */ = {
			isa = PBXSourcesBuildPhase;
			buildActionMask = 2147483647;
			files = (
				4C641D2A2788FF30002A36C9 /* lightninglinkTests.swift in Sources */,
			);
			runOnlyForDeploymentPostprocessing = 0;
		};
		4C641D2B2788FF31002A36C9 /* Sources */ = {
			isa = PBXSourcesBuildPhase;
			buildActionMask = 2147483647;
			files = (
				4C641D342788FF31002A36C9 /* lightninglinkUITests.swift in Sources */,
				4C641D362788FF31002A36C9 /* lightninglinkUITestsLaunchTests.swift in Sources */,
			);
			runOnlyForDeploymentPostprocessing = 0;
		};
/* End PBXSourcesBuildPhase section */

/* Begin PBXTargetDependency section */
		4C641D272788FF30002A36C9 /* PBXTargetDependency */ = {
			isa = PBXTargetDependency;
			target = 4C641D142788FF2F002A36C9 /* lightninglink */;
			targetProxy = 4C641D262788FF30002A36C9 /* PBXContainerItemProxy */;
		};
		4C641D312788FF31002A36C9 /* PBXTargetDependency */ = {
			isa = PBXTargetDependency;
			target = 4C641D142788FF2F002A36C9 /* lightninglink */;
			targetProxy = 4C641D302788FF31002A36C9 /* PBXContainerItemProxy */;
		};
/* End PBXTargetDependency section */

/* Begin XCBuildConfiguration section */
		4C641D372788FF31002A36C9 /* Debug */ = {
			isa = XCBuildConfiguration;
			buildSettings = {
				ALWAYS_SEARCH_USER_PATHS = NO;
				CLANG_ANALYZER_NONNULL = YES;
				CLANG_ANALYZER_NUMBER_OBJECT_CONVERSION = YES_AGGRESSIVE;
				CLANG_CXX_LANGUAGE_STANDARD = "gnu++17";
				CLANG_CXX_LIBRARY = "libc++";
				CLANG_ENABLE_MODULES = YES;
				CLANG_ENABLE_OBJC_ARC = YES;
				CLANG_ENABLE_OBJC_WEAK = YES;
				CLANG_WARN_BLOCK_CAPTURE_AUTORELEASING = YES;
				CLANG_WARN_BOOL_CONVERSION = YES;
				CLANG_WARN_COMMA = YES;
				CLANG_WARN_CONSTANT_CONVERSION = YES;
				CLANG_WARN_DEPRECATED_OBJC_IMPLEMENTATIONS = YES;
				CLANG_WARN_DIRECT_OBJC_ISA_USAGE = YES_ERROR;
				CLANG_WARN_DOCUMENTATION_COMMENTS = YES;
				CLANG_WARN_EMPTY_BODY = YES;
				CLANG_WARN_ENUM_CONVERSION = YES;
				CLANG_WARN_INFINITE_RECURSION = YES;
				CLANG_WARN_INT_CONVERSION = YES;
				CLANG_WARN_NON_LITERAL_NULL_CONVERSION = YES;
				CLANG_WARN_OBJC_IMPLICIT_RETAIN_SELF = YES;
				CLANG_WARN_OBJC_LITERAL_CONVERSION = YES;
				CLANG_WARN_OBJC_ROOT_CLASS = YES_ERROR;
				CLANG_WARN_QUOTED_INCLUDE_IN_FRAMEWORK_HEADER = YES;
				CLANG_WARN_RANGE_LOOP_ANALYSIS = YES;
				CLANG_WARN_STRICT_PROTOTYPES = YES;
				CLANG_WARN_SUSPICIOUS_MOVE = YES;
				CLANG_WARN_UNGUARDED_AVAILABILITY = YES_AGGRESSIVE;
				CLANG_WARN_UNREACHABLE_CODE = YES;
				CLANG_WARN__DUPLICATE_METHOD_MATCH = YES;
				COPY_PHASE_STRIP = NO;
				DEBUG_INFORMATION_FORMAT = dwarf;
				ENABLE_STRICT_OBJC_MSGSEND = YES;
				ENABLE_TESTABILITY = YES;
				GCC_C_LANGUAGE_STANDARD = gnu11;
				GCC_DYNAMIC_NO_PIC = NO;
				GCC_NO_COMMON_BLOCKS = YES;
				GCC_OPTIMIZATION_LEVEL = 0;
				GCC_PREPROCESSOR_DEFINITIONS = (
					"DEBUG=1",
					"$(inherited)",
				);
				GCC_WARN_64_TO_32_BIT_CONVERSION = YES;
				GCC_WARN_ABOUT_RETURN_TYPE = YES_ERROR;
				GCC_WARN_UNDECLARED_SELECTOR = YES;
				GCC_WARN_UNINITIALIZED_AUTOS = YES_AGGRESSIVE;
				GCC_WARN_UNUSED_FUNCTION = YES;
				GCC_WARN_UNUSED_VARIABLE = YES;
				HEADER_SEARCH_PATHS = (
					lnsocket,
					lnsocket/deps/secp256k1/include,
					lnsocket/deps/libsodium/src/libsodium/include,
				);
				IPHONEOS_DEPLOYMENT_TARGET = 15.0;
				"LD_RUNPATH_SEARCH_PATHS[arch=*]" = lnsocket/target/ios;
				LIBRARY_SEARCH_PATHS = lnsocket/target/ios;
				MTL_ENABLE_DEBUG_INFO = INCLUDE_SOURCE;
				MTL_FAST_MATH = YES;
				ONLY_ACTIVE_ARCH = YES;
				SDKROOT = iphoneos;
				SWIFT_ACTIVE_COMPILATION_CONDITIONS = DEBUG;
				SWIFT_OPTIMIZATION_LEVEL = "-Onone";
			};
			name = Debug;
		};
		4C641D382788FF31002A36C9 /* Release */ = {
			isa = XCBuildConfiguration;
			buildSettings = {
				ALWAYS_SEARCH_USER_PATHS = NO;
				CLANG_ANALYZER_NONNULL = YES;
				CLANG_ANALYZER_NUMBER_OBJECT_CONVERSION = YES_AGGRESSIVE;
				CLANG_CXX_LANGUAGE_STANDARD = "gnu++17";
				CLANG_CXX_LIBRARY = "libc++";
				CLANG_ENABLE_MODULES = YES;
				CLANG_ENABLE_OBJC_ARC = YES;
				CLANG_ENABLE_OBJC_WEAK = YES;
				CLANG_WARN_BLOCK_CAPTURE_AUTORELEASING = YES;
				CLANG_WARN_BOOL_CONVERSION = YES;
				CLANG_WARN_COMMA = YES;
				CLANG_WARN_CONSTANT_CONVERSION = YES;
				CLANG_WARN_DEPRECATED_OBJC_IMPLEMENTATIONS = YES;
				CLANG_WARN_DIRECT_OBJC_ISA_USAGE = YES_ERROR;
				CLANG_WARN_DOCUMENTATION_COMMENTS = YES;
				CLANG_WARN_EMPTY_BODY = YES;
				CLANG_WARN_ENUM_CONVERSION = YES;
				CLANG_WARN_INFINITE_RECURSION = YES;
				CLANG_WARN_INT_CONVERSION = YES;
				CLANG_WARN_NON_LITERAL_NULL_CONVERSION = YES;
				CLANG_WARN_OBJC_IMPLICIT_RETAIN_SELF = YES;
				CLANG_WARN_OBJC_LITERAL_CONVERSION = YES;
				CLANG_WARN_OBJC_ROOT_CLASS = YES_ERROR;
				CLANG_WARN_QUOTED_INCLUDE_IN_FRAMEWORK_HEADER = YES;
				CLANG_WARN_RANGE_LOOP_ANALYSIS = YES;
				CLANG_WARN_STRICT_PROTOTYPES = YES;
				CLANG_WARN_SUSPICIOUS_MOVE = YES;
				CLANG_WARN_UNGUARDED_AVAILABILITY = YES_AGGRESSIVE;
				CLANG_WARN_UNREACHABLE_CODE = YES;
				CLANG_WARN__DUPLICATE_METHOD_MATCH = YES;
				COPY_PHASE_STRIP = NO;
				DEBUG_INFORMATION_FORMAT = "dwarf-with-dsym";
				ENABLE_NS_ASSERTIONS = NO;
				ENABLE_STRICT_OBJC_MSGSEND = YES;
				GCC_C_LANGUAGE_STANDARD = gnu11;
				GCC_NO_COMMON_BLOCKS = YES;
				GCC_WARN_64_TO_32_BIT_CONVERSION = YES;
				GCC_WARN_ABOUT_RETURN_TYPE = YES_ERROR;
				GCC_WARN_UNDECLARED_SELECTOR = YES;
				GCC_WARN_UNINITIALIZED_AUTOS = YES_AGGRESSIVE;
				GCC_WARN_UNUSED_FUNCTION = YES;
				GCC_WARN_UNUSED_VARIABLE = YES;
				HEADER_SEARCH_PATHS = (
					lnsocket,
					lnsocket/deps/secp256k1/include,
					lnsocket/deps/libsodium/src/libsodium/include,
				);
				IPHONEOS_DEPLOYMENT_TARGET = 15.0;
				"LD_RUNPATH_SEARCH_PATHS[arch=*]" = lnsocket/target/ios;
				LIBRARY_SEARCH_PATHS = lnsocket/target/ios;
				MTL_ENABLE_DEBUG_INFO = NO;
				MTL_FAST_MATH = YES;
				SDKROOT = iphoneos;
				SWIFT_COMPILATION_MODE = wholemodule;
				SWIFT_OPTIMIZATION_LEVEL = "-O";
				VALIDATE_PRODUCT = YES;
			};
			name = Release;
		};
		4C641D3A2788FF31002A36C9 /* Debug */ = {
			isa = XCBuildConfiguration;
			buildSettings = {
				ASSETCATALOG_COMPILER_APPICON_NAME = AppIcon;
				ASSETCATALOG_COMPILER_GLOBAL_ACCENT_COLOR_NAME = AccentColor;
				ASSETCATALOG_COMPILER_INCLUDE_ALL_APPICON_ASSETS = YES;
				CLANG_ENABLE_MODULES = YES;
				CODE_SIGN_STYLE = Automatic;
				CURRENT_PROJECT_VERSION = 1;
				DEVELOPMENT_ASSET_PATHS = "\"lightninglink/Preview Content\"";
				DEVELOPMENT_TEAM = XK7H4JAB3D;
				ENABLE_PREVIEWS = YES;
				GENERATE_INFOPLIST_FILE = YES;
				INFOPLIST_FILE = lightninglink/Info.plist;
				INFOPLIST_KEY_CFBundleDisplayName = LNLink;
				INFOPLIST_KEY_NSCameraUsageDescription = "Scanning connection string qr codes";
				INFOPLIST_KEY_UIApplicationSceneManifest_Generation = YES;
				INFOPLIST_KEY_UIApplicationSupportsIndirectInputEvents = YES;
				INFOPLIST_KEY_UILaunchScreen_Generation = YES;
				INFOPLIST_KEY_UISupportedInterfaceOrientations_iPad = "UIInterfaceOrientationPortrait UIInterfaceOrientationPortraitUpsideDown UIInterfaceOrientationLandscapeLeft UIInterfaceOrientationLandscapeRight";
				INFOPLIST_KEY_UISupportedInterfaceOrientations_iPhone = "UIInterfaceOrientationPortrait UIInterfaceOrientationLandscapeLeft UIInterfaceOrientationLandscapeRight";
				LD_RUNPATH_SEARCH_PATHS = (
					"$(inherited)",
					"@executable_path/Frameworks",
				);
				LIBRARY_SEARCH_PATHS = (
					"$(inherited)",
					"$(PROJECT_DIR)/lnsocket/target/ios",
				);
				MACOSX_DEPLOYMENT_TARGET = 12.2;
				MARKETING_VERSION = 0.2;
				PRODUCT_BUNDLE_IDENTIFIER = com.jb55.lightninglink;
				PRODUCT_NAME = "$(TARGET_NAME)";
				SWIFT_EMIT_LOC_STRINGS = YES;
				SWIFT_OBJC_BRIDGING_HEADER = "lightninglink-c/lightninglink-Bridging-Header.h";
				SWIFT_OPTIMIZATION_LEVEL = "-Onone";
				SWIFT_VERSION = 5.0;
				TARGETED_DEVICE_FAMILY = "1,2";
			};
			name = Debug;
		};
		4C641D3B2788FF31002A36C9 /* Release */ = {
			isa = XCBuildConfiguration;
			buildSettings = {
				ASSETCATALOG_COMPILER_APPICON_NAME = AppIcon;
				ASSETCATALOG_COMPILER_GLOBAL_ACCENT_COLOR_NAME = AccentColor;
				ASSETCATALOG_COMPILER_INCLUDE_ALL_APPICON_ASSETS = YES;
				CLANG_ENABLE_MODULES = YES;
				CODE_SIGN_STYLE = Automatic;
				CURRENT_PROJECT_VERSION = 1;
				DEVELOPMENT_ASSET_PATHS = "\"lightninglink/Preview Content\"";
				DEVELOPMENT_TEAM = XK7H4JAB3D;
				ENABLE_PREVIEWS = YES;
				GENERATE_INFOPLIST_FILE = YES;
				INFOPLIST_FILE = lightninglink/Info.plist;
				INFOPLIST_KEY_CFBundleDisplayName = LNLink;
				INFOPLIST_KEY_NSCameraUsageDescription = "Scanning connection string qr codes";
				INFOPLIST_KEY_UIApplicationSceneManifest_Generation = YES;
				INFOPLIST_KEY_UIApplicationSupportsIndirectInputEvents = YES;
				INFOPLIST_KEY_UILaunchScreen_Generation = YES;
				INFOPLIST_KEY_UISupportedInterfaceOrientations_iPad = "UIInterfaceOrientationPortrait UIInterfaceOrientationPortraitUpsideDown UIInterfaceOrientationLandscapeLeft UIInterfaceOrientationLandscapeRight";
				INFOPLIST_KEY_UISupportedInterfaceOrientations_iPhone = "UIInterfaceOrientationPortrait UIInterfaceOrientationLandscapeLeft UIInterfaceOrientationLandscapeRight";
				LD_RUNPATH_SEARCH_PATHS = (
					"$(inherited)",
					"@executable_path/Frameworks",
				);
				LIBRARY_SEARCH_PATHS = (
					"$(inherited)",
					"$(PROJECT_DIR)/lnsocket/target/ios",
				);
				MACOSX_DEPLOYMENT_TARGET = 12.2;
				MARKETING_VERSION = 0.2;
				PRODUCT_BUNDLE_IDENTIFIER = com.jb55.lightninglink;
				PRODUCT_NAME = "$(TARGET_NAME)";
				SWIFT_EMIT_LOC_STRINGS = YES;
				SWIFT_OBJC_BRIDGING_HEADER = "lightninglink-c/lightninglink-Bridging-Header.h";
				SWIFT_VERSION = 5.0;
				TARGETED_DEVICE_FAMILY = "1,2";
			};
			name = Release;
		};
		4C641D3D2788FF31002A36C9 /* Debug */ = {
			isa = XCBuildConfiguration;
			buildSettings = {
				ALWAYS_EMBED_SWIFT_STANDARD_LIBRARIES = YES;
				BUNDLE_LOADER = "$(TEST_HOST)";
				CODE_SIGN_STYLE = Automatic;
				CURRENT_PROJECT_VERSION = 1;
				DEVELOPMENT_TEAM = XK7H4JAB3D;
				GENERATE_INFOPLIST_FILE = YES;
				IPHONEOS_DEPLOYMENT_TARGET = 15.0;
				LD_RUNPATH_SEARCH_PATHS = (
					"$(inherited)",
					"@executable_path/Frameworks",
					"@loader_path/Frameworks",
				);
				MACOSX_DEPLOYMENT_TARGET = 12.2;
				MARKETING_VERSION = 1.0;
				PRODUCT_BUNDLE_IDENTIFIER = com.jb55.lightninglinkTests;
				PRODUCT_NAME = "$(TARGET_NAME)";
				SDKROOT = iphoneos;
				SWIFT_EMIT_LOC_STRINGS = NO;
				SWIFT_VERSION = 5.0;
				TARGETED_DEVICE_FAMILY = "1,2";
				TEST_HOST = "$(BUILT_PRODUCTS_DIR)/lightninglink.app/lightninglink";
			};
			name = Debug;
		};
		4C641D3E2788FF31002A36C9 /* Release */ = {
			isa = XCBuildConfiguration;
			buildSettings = {
				ALWAYS_EMBED_SWIFT_STANDARD_LIBRARIES = YES;
				BUNDLE_LOADER = "$(TEST_HOST)";
				CODE_SIGN_STYLE = Automatic;
				CURRENT_PROJECT_VERSION = 1;
				DEVELOPMENT_TEAM = XK7H4JAB3D;
				GENERATE_INFOPLIST_FILE = YES;
				IPHONEOS_DEPLOYMENT_TARGET = 15.0;
				LD_RUNPATH_SEARCH_PATHS = (
					"$(inherited)",
					"@executable_path/Frameworks",
					"@loader_path/Frameworks",
				);
				MACOSX_DEPLOYMENT_TARGET = 12.2;
				MARKETING_VERSION = 1.0;
				PRODUCT_BUNDLE_IDENTIFIER = com.jb55.lightninglinkTests;
				PRODUCT_NAME = "$(TARGET_NAME)";
				SDKROOT = iphoneos;
				SWIFT_EMIT_LOC_STRINGS = NO;
				SWIFT_VERSION = 5.0;
				TARGETED_DEVICE_FAMILY = "1,2";
				TEST_HOST = "$(BUILT_PRODUCTS_DIR)/lightninglink.app/lightninglink";
			};
			name = Release;
		};
		4C641D402788FF31002A36C9 /* Debug */ = {
			isa = XCBuildConfiguration;
			buildSettings = {
				ALWAYS_EMBED_SWIFT_STANDARD_LIBRARIES = YES;
				CODE_SIGN_STYLE = Automatic;
				CURRENT_PROJECT_VERSION = 1;
				DEVELOPMENT_TEAM = 5VWAH67C65;
				GENERATE_INFOPLIST_FILE = YES;
				LD_RUNPATH_SEARCH_PATHS = (
					"$(inherited)",
					"@executable_path/Frameworks",
					"@loader_path/Frameworks",
				);
				MARKETING_VERSION = 1.0;
				PRODUCT_BUNDLE_IDENTIFIER = com.jb55.lightninglinkUITests;
				PRODUCT_NAME = "$(TARGET_NAME)";
				SWIFT_EMIT_LOC_STRINGS = NO;
				SWIFT_VERSION = 5.0;
				TARGETED_DEVICE_FAMILY = "1,2";
				TEST_TARGET_NAME = lightninglink;
			};
			name = Debug;
		};
		4C641D412788FF31002A36C9 /* Release */ = {
			isa = XCBuildConfiguration;
			buildSettings = {
				ALWAYS_EMBED_SWIFT_STANDARD_LIBRARIES = YES;
				CODE_SIGN_STYLE = Automatic;
				CURRENT_PROJECT_VERSION = 1;
				DEVELOPMENT_TEAM = 5VWAH67C65;
				GENERATE_INFOPLIST_FILE = YES;
				LD_RUNPATH_SEARCH_PATHS = (
					"$(inherited)",
					"@executable_path/Frameworks",
					"@loader_path/Frameworks",
				);
				MARKETING_VERSION = 1.0;
				PRODUCT_BUNDLE_IDENTIFIER = com.jb55.lightninglinkUITests;
				PRODUCT_NAME = "$(TARGET_NAME)";
				SWIFT_EMIT_LOC_STRINGS = NO;
				SWIFT_VERSION = 5.0;
				TARGETED_DEVICE_FAMILY = "1,2";
				TEST_TARGET_NAME = lightninglink;
			};
			name = Release;
		};
/* End XCBuildConfiguration section */

/* Begin XCConfigurationList section */
		4C641D102788FF2F002A36C9 /* Build configuration list for PBXProject "lightninglink" */ = {
			isa = XCConfigurationList;
			buildConfigurations = (
				4C641D372788FF31002A36C9 /* Debug */,
				4C641D382788FF31002A36C9 /* Release */,
			);
			defaultConfigurationIsVisible = 0;
			defaultConfigurationName = Release;
		};
		4C641D392788FF31002A36C9 /* Build configuration list for PBXNativeTarget "lightninglink" */ = {
			isa = XCConfigurationList;
			buildConfigurations = (
				4C641D3A2788FF31002A36C9 /* Debug */,
				4C641D3B2788FF31002A36C9 /* Release */,
			);
			defaultConfigurationIsVisible = 0;
			defaultConfigurationName = Release;
		};
		4C641D3C2788FF31002A36C9 /* Build configuration list for PBXNativeTarget "lightninglinkTests" */ = {
			isa = XCConfigurationList;
			buildConfigurations = (
				4C641D3D2788FF31002A36C9 /* Debug */,
				4C641D3E2788FF31002A36C9 /* Release */,
			);
			defaultConfigurationIsVisible = 0;
			defaultConfigurationName = Release;
		};
		4C641D3F2788FF31002A36C9 /* Build configuration list for PBXNativeTarget "lightninglinkUITests" */ = {
			isa = XCConfigurationList;
			buildConfigurations = (
				4C641D402788FF31002A36C9 /* Debug */,
				4C641D412788FF31002A36C9 /* Release */,
			);
			defaultConfigurationIsVisible = 0;
			defaultConfigurationName = Release;
		};
/* End XCConfigurationList section */
	};
	rootObject = 4C641D0D2788FF2F002A36C9 /* Project object */;
}
